
Microsoft Visual Studio Solution File, Format Version 12.00
# Visual Studio Version 16
VisualStudioVersion = 16.0.30503.244
MinimumVisualStudioVersion = 10.0.40219.1
Project("{FAE04EC0-301F-11D3-BF4B-00C04F79EFBC}") = "Othello", "Othello\Othello.csproj", "{F801A4FB-26E8-4344-9135-3BBB40464560}"
EndProject
Project("{FAE04EC0-301F-11D3-BF4B-00C04F79EFBC}") = "Othello.Tests", "Othello.Tests\Othello.Tests.csproj", "{77F87763-2066-4356-A0C6-D7B000868C77}"
EndProject
Global
	GlobalSection(SolutionConfigurationPlatforms) = preSolution
		Debug|Any CPU = Debug|Any CPU
		Release|Any CPU = Release|Any CPU
	EndGlobalSection
	GlobalSection(ProjectConfigurationPlatforms) = postSolution
		{F801A4FB-26E8-4344-9135-3BBB40464560}.Debug|Any CPU.ActiveCfg = Debug|Any CPU
		{F801A4FB-26E8-4344-9135-3BBB40464560}.Debug|Any CPU.Build.0 = Debug|Any CPU
		{F801A4FB-26E8-4344-9135-3BBB40464560}.Release|Any CPU.ActiveCfg = Release|Any CPU
		{F801A4FB-26E8-4344-9135-3BBB40464560}.Release|Any CPU.Build.0 = Release|Any CPU
		{77F87763-2066-4356-A0C6-D7B000868C77}.Debug|Any CPU.ActiveCfg = Debug|Any CPU
		{77F87763-2066-4356-A0C6-D7B000868C77}.Debug|Any CPU.Build.0 = Debug|Any CPU
		{77F87763-2066-4356-A0C6-D7B000868C77}.Release|Any CPU.ActiveCfg = Release|Any CPU
		{77F87763-2066-4356-A0C6-D7B000868C77}.Release|Any CPU.Build.0 = Release|Any CPU
	EndGlobalSection
	GlobalSection(SolutionProperties) = preSolution
		HideSolutionNode = FALSE
	EndGlobalSection
	GlobalSection(ExtensibilityGlobals) = postSolution
		SolutionGuid = {5BED9AB0-E1AE-4FB5-B254-8104CBE00180}
	EndGlobalSection
EndGlobal
